
Microsoft Visual Studio Solution File, Format Version 12.00
# Visual Studio Version 17
VisualStudioVersion = 17.14.36414.22 d17.14
MinimumVisualStudioVersion = 10.0.40219.1
Project("{FAE04EC0-301F-11D3-BF4B-00C04F79EFBC}") = "speeedLab", "speeedLab\speeedLab.csproj", "{D6531BB2-C1A6-4020-9760-91623FABC09C}"
EndProject
Global
	GlobalSection(SolutionConfigurationPlatforms) = preSolution
		Debug|Any CPU = Debug|Any CPU
		Release|Any CPU = Release|Any CPU
	EndGlobalSection
	GlobalSection(ProjectConfigurationPlatforms) = postSolution
		{D6531BB2-C1A6-4020-9760-91623FABC09C}.Debug|Any CPU.ActiveCfg = Debug|Any CPU
		{D6531BB2-C1A6-4020-9760-91623FABC09C}.Debug|Any CPU.Build.0 = Debug|Any CPU
		{D6531BB2-C1A6-4020-9760-91623FABC09C}.Release|Any CPU.ActiveCfg = Release|Any CPU
		{D6531BB2-C1A6-4020-9760-91623FABC09C}.Release|Any CPU.Build.0 = Release|Any CPU
	EndGlobalSection
	GlobalSection(SolutionProperties) = preSolution
		HideSolutionNode = FALSE
	EndGlobalSection
	GlobalSection(ExtensibilityGlobals) = postSolution
		SolutionGuid = {3E1F577C-FE24-4820-88D3-CF38D7F36473}
	EndGlobalSection
EndGlobal
